
Microsoft Visual Studio Solution File, Format Version 12.00
# Visual Studio 15
VisualStudioVersion = 15.0.27130.2027
MinimumVisualStudioVersion = 10.0.40219.1
Project("{FAE04EC0-301F-11D3-BF4B-00C04F79EFBC}") = "LogicCircuitSimulator", "LogicCircuitSimulator\LogicCircuitSimulator.csproj", "{AE003CFE-95E5-40FF-B19B-B42CC8FF1863}"
EndProject
Project("{9A19103F-16F7-4668-BE54-9A1E7A4F7556}") = "LogicCircuitSimulator.Core", "LogicCircuitSimulator.Core\LogicCircuitSimulator.Core.csproj", "{4F308E0B-F93C-488B-83D9-FEAB39EFCF29}"
EndProject
Global
	GlobalSection(SolutionConfigurationPlatforms) = preSolution
		Debug|Any CPU = Debug|Any CPU
		Debug|ARM = Debug|ARM
		Debug|x64 = Debug|x64
		Debug|x86 = Debug|x86
		Release|Any CPU = Release|Any CPU
		Release|ARM = Release|ARM
		Release|x64 = Release|x64
		Release|x86 = Release|x86
	EndGlobalSection
	GlobalSection(ProjectConfigurationPlatforms) = postSolution
		{AE003CFE-95E5-40FF-B19B-B42CC8FF1863}.Debug|Any CPU.ActiveCfg = Debug|x86
		{AE003CFE-95E5-40FF-B19B-B42CC8FF1863}.Debug|Any CPU.Build.0 = Debug|x86
		{AE003CFE-95E5-40FF-B19B-B42CC8FF1863}.Debug|Any CPU.Deploy.0 = Debug|x86
		{AE003CFE-95E5-40FF-B19B-B42CC8FF1863}.Debug|ARM.ActiveCfg = Debug|ARM
		{AE003CFE-95E5-40FF-B19B-B42CC8FF1863}.Debug|ARM.Build.0 = Debug|ARM
		{AE003CFE-95E5-40FF-B19B-B42CC8FF1863}.Debug|ARM.Deploy.0 = Debug|ARM
		{AE003CFE-95E5-40FF-B19B-B42CC8FF1863}.Debug|x64.ActiveCfg = Debug|x64
		{AE003CFE-95E5-40FF-B19B-B42CC8FF1863}.Debug|x64.Build.0 = Debug|x64
		{AE003CFE-95E5-40FF-B19B-B42CC8FF1863}.Debug|x64.Deploy.0 = Debug|x64
		{AE003CFE-95E5-40FF-B19B-B42CC8FF1863}.Debug|x86.ActiveCfg = Debug|x86
		{AE003CFE-95E5-40FF-B19B-B42CC8FF1863}.Debug|x86.Build.0 = Debug|x86
		{AE003CFE-95E5-40FF-B19B-B42CC8FF1863}.Debug|x86.Deploy.0 = Debug|x86
		{AE003CFE-95E5-40FF-B19B-B42CC8FF1863}.Release|Any CPU.ActiveCfg = Release|x86
		{AE003CFE-95E5-40FF-B19B-B42CC8FF1863}.Release|ARM.ActiveCfg = Release|ARM
		{AE003CFE-95E5-40FF-B19B-B42CC8FF1863}.Release|ARM.Build.0 = Release|ARM
		{AE003CFE-95E5-40FF-B19B-B42CC8FF1863}.Release|ARM.Deploy.0 = Release|ARM
		{AE003CFE-95E5-40FF-B19B-B42CC8FF1863}.Release|x64.ActiveCfg = Release|x64
		{AE003CFE-95E5-40FF-B19B-B42CC8FF1863}.Release|x64.Build.0 = Release|x64
		{AE003CFE-95E5-40FF-B19B-B42CC8FF1863}.Release|x64.Deploy.0 = Release|x64
		{AE003CFE-95E5-40FF-B19B-B42CC8FF1863}.Release|x86.ActiveCfg = Release|x86
		{AE003CFE-95E5-40FF-B19B-B42CC8FF1863}.Release|x86.Build.0 = Release|x86
		{AE003CFE-95E5-40FF-B19B-B42CC8FF1863}.Release|x86.Deploy.0 = Release|x86
		{4F308E0B-F93C-488B-83D9-FEAB39EFCF29}.Debug|Any CPU.ActiveCfg = Debug|Any CPU
		{4F308E0B-F93C-488B-83D9-FEAB39EFCF29}.Debug|Any CPU.Build.0 = Debug|Any CPU
		{4F308E0B-F93C-488B-83D9-FEAB39EFCF29}.Debug|ARM.ActiveCfg = Debug|Any CPU
		{4F308E0B-F93C-488B-83D9-FEAB39EFCF29}.Debug|ARM.Build.0 = Debug|Any CPU
		{4F308E0B-F93C-488B-83D9-FEAB39EFCF29}.Debug|x64.ActiveCfg = Debug|Any CPU
		{4F308E0B-F93C-488B-83D9-FEAB39EFCF29}.Debug|x64.Build.0 = Debug|Any CPU
		{4F308E0B-F93C-488B-83D9-FEAB39EFCF29}.Debug|x86.ActiveCfg = Debug|Any CPU
		{4F308E0B-F93C-488B-83D9-FEAB39EFCF29}.Debug|x86.Build.0 = Debug|Any CPU
		{4F308E0B-F93C-488B-83D9-FEAB39EFCF29}.Release|Any CPU.ActiveCfg = Release|Any CPU
		{4F308E0B-F93C-488B-83D9-FEAB39EFCF29}.Release|Any CPU.Build.0 = Release|Any CPU
		{4F308E0B-F93C-488B-83D9-FEAB39EFCF29}.Release|ARM.ActiveCfg = Release|Any CPU
		{4F308E0B-F93C-488B-83D9-FEAB39EFCF29}.Release|ARM.Build.0 = Release|Any CPU
		{4F308E0B-F93C-488B-83D9-FEAB39EFCF29}.Release|x64.ActiveCfg = Release|Any CPU
		{4F308E0B-F93C-488B-83D9-FEAB39EFCF29}.Release|x64.Build.0 = Release|Any CPU
		{4F308E0B-F93C-488B-83D9-FEAB39EFCF29}.Release|x86.ActiveCfg = Release|Any CPU
		{4F308E0B-F93C-488B-83D9-FEAB39EFCF29}.Release|x86.Build.0 = Release|Any CPU
	EndGlobalSection
	GlobalSection(SolutionProperties) = preSolution
		HideSolutionNode = FALSE
	EndGlobalSection
	GlobalSection(ExtensibilityGlobals) = postSolution
		SolutionGuid = {C54AA5BD-EB73-47CC-BE9A-2B99A59C31C8}
	EndGlobalSection
EndGlobal
